
Microsoft Visual Studio Solution File, Format Version 12.00
# Visual Studio 2015
Project("{FAE04EC0-301F-11D3-BF4B-00C04F79EFBC}") = "Crowd.CSharp.Plugins", "Crowd.CSharp.Plugins.csproj", "{095C9C70-DEFD-5425-865C-80172122DCFE}"
EndProject
Project("{FAE04EC0-301F-11D3-BF4B-00C04F79EFBC}") = "Crowd.CSharp", "Crowd.CSharp.csproj", "{8214653A-B5FA-494F-B9A8-7ABF8FA2B0CD}"
EndProject
Project("{FAE04EC0-301F-11D3-BF4B-00C04F79EFBC}") = "Crowd.CSharp.Editor", "Crowd.CSharp.Editor.csproj", "{FCEDDCBE-1E9A-1D01-792D-CD9A25762D1E}"
EndProject
Global
	GlobalSection(SolutionConfigurationPlatforms) = preSolution
		Debug|Any CPU = Debug|Any CPU
		Release|Any CPU = Release|Any CPU
	EndGlobalSection
	GlobalSection(ProjectConfigurationPlatforms) = postSolution
		{095C9C70-DEFD-5425-865C-80172122DCFE}.Debug|Any CPU.ActiveCfg = Debug|Any CPU
		{095C9C70-DEFD-5425-865C-80172122DCFE}.Debug|Any CPU.Build.0 = Debug|Any CPU
		{095C9C70-DEFD-5425-865C-80172122DCFE}.Release|Any CPU.ActiveCfg = Release|Any CPU
		{095C9C70-DEFD-5425-865C-80172122DCFE}.Release|Any CPU.Build.0 = Release|Any CPU
		{8214653A-B5FA-494F-B9A8-7ABF8FA2B0CD}.Debug|Any CPU.ActiveCfg = Debug|Any CPU
		{8214653A-B5FA-494F-B9A8-7ABF8FA2B0CD}.Debug|Any CPU.Build.0 = Debug|Any CPU
		{8214653A-B5FA-494F-B9A8-7ABF8FA2B0CD}.Release|Any CPU.ActiveCfg = Release|Any CPU
		{8214653A-B5FA-494F-B9A8-7ABF8FA2B0CD}.Release|Any CPU.Build.0 = Release|Any CPU
		{FCEDDCBE-1E9A-1D01-792D-CD9A25762D1E}.Debug|Any CPU.ActiveCfg = Debug|Any CPU
		{FCEDDCBE-1E9A-1D01-792D-CD9A25762D1E}.Debug|Any CPU.Build.0 = Debug|Any CPU
		{FCEDDCBE-1E9A-1D01-792D-CD9A25762D1E}.Release|Any CPU.ActiveCfg = Release|Any CPU
		{FCEDDCBE-1E9A-1D01-792D-CD9A25762D1E}.Release|Any CPU.Build.0 = Release|Any CPU
	EndGlobalSection
	GlobalSection(SolutionProperties) = preSolution
		HideSolutionNode = FALSE
	EndGlobalSection
EndGlobal
